{
    "requires": true,
    "lockfileVersion": 1,
    "dependencies": {
        "@swc/helpers": {
            "version": "0.2.14",
            "resolved": "https://registry.npmjs.org/@swc/helpers/-/helpers-0.2.14.tgz",
            "integrity": "sha512-wpCQMhf5p5GhNg2MmGKXzUNwxe7zRiCsmqYsamez2beP7mKPCSiu+BjZcdN95yYSzO857kr0VfQewmGpS77nqA=="
        },
        "@types/dropzone": {
            "version": "5.7.4",
            "resolved": "https://registry.npmjs.org/@types/dropzone/-/dropzone-5.7.4.tgz",
            "integrity": "sha512-9kLJ2YAmVRWYrHvDoa95pQzHF0HUMKcznsS7FM1Mht5Yieec+HMB6Ybfm+ocvLjvFCvgyYGFTp4nzNFxhZmo3g==",
            "dev": true,
            "requires": {
                "@types/jquery": "*"
            }
        },
        "@types/jquery": {
            "version": "3.5.14",
            "resolved": "https://registry.npmjs.org/@types/jquery/-/jquery-3.5.14.tgz",
            "integrity": "sha512-X1gtMRMbziVQkErhTQmSe2jFwwENA/Zr+PprCkF63vFq+Yt5PZ4AlKqgmeNlwgn7dhsXEK888eIW2520EpC+xg==",
            "dev": true,
            "requires": {
                "@types/sizzle": "*"
            }
        },
        "@types/sizzle": {
            "version": "2.3.3",
            "resolved": "https://registry.npmjs.org/@types/sizzle/-/sizzle-2.3.3.tgz",
            "integrity": "sha512-JYM8x9EGF163bEyhdJBpR2QX1R5naCJHC8ucJylJ3w9/CVBaskdQ8WqBf8MmQrd1kRvp/a4TS8HJ+bxzR7ZJYQ==",
            "dev": true
        },
        "dropzone": {
            "version": "6.0.0-beta.2",
            "resolved": "https://registry.npmjs.org/dropzone/-/dropzone-6.0.0-beta.2.tgz",
            "integrity": "sha512-k44yLuFFhRk53M8zP71FaaNzJYIzr99SKmpbO/oZKNslDjNXQsBTdfLs+iONd0U0L94zzlFzRnFdqbLcs7h9fQ==",
            "requires": {
                "@swc/helpers": "^0.2.13",
                "just-extend": "^5.0.0"
            }
        },
        "just-extend": {
            "version": "5.1.1",
            "resolved": "https://registry.npmjs.org/just-extend/-/just-extend-5.1.1.tgz",
            "integrity": "sha512-b+z6yF1d4EOyDgylzQo5IminlUmzSeqR1hs/bzjBNjuGras4FXq/6TrzjxfN0j+TmI0ltJzTNlqXUMCniciwKQ=="
        }
    }
}
